
Microsoft Visual Studio Solution File, Format Version 12.00
# Visual Studio Version 16
VisualStudioVersion = 16.0.31424.327
MinimumVisualStudioVersion = 10.0.40219.1
Project("{9A19103F-16F7-4668-BE54-9A1E7A4F7556}") = "SyncedUI", "SyncedUI\SyncedUI.csproj", "{B9C878F0-ECE4-4C0F-BD4B-2B46CF708012}"
EndProject
Project("{9A19103F-16F7-4668-BE54-9A1E7A4F7556}") = "SyncedUIDemo", "Examples\SyncedUIDemo\SyncedUIDemo.csproj", "{CA0B1515-A162-49F8-A2A8-FC4C9C41E878}"
EndProject
Global
	GlobalSection(SolutionConfigurationPlatforms) = preSolution
		Debug|Any CPU = Debug|Any CPU
		Release|Any CPU = Release|Any CPU
	EndGlobalSection
	GlobalSection(ProjectConfigurationPlatforms) = postSolution
		{B9C878F0-ECE4-4C0F-BD4B-2B46CF708012}.Debug|Any CPU.ActiveCfg = Debug|Any CPU
		{B9C878F0-ECE4-4C0F-BD4B-2B46CF708012}.Debug|Any CPU.Build.0 = Debug|Any CPU
		{B9C878F0-ECE4-4C0F-BD4B-2B46CF708012}.Release|Any CPU.ActiveCfg = Release|Any CPU
		{B9C878F0-ECE4-4C0F-BD4B-2B46CF708012}.Release|Any CPU.Build.0 = Release|Any CPU
		{CA0B1515-A162-49F8-A2A8-FC4C9C41E878}.Debug|Any CPU.ActiveCfg = Debug|Any CPU
		{CA0B1515-A162-49F8-A2A8-FC4C9C41E878}.Debug|Any CPU.Build.0 = Debug|Any CPU
		{CA0B1515-A162-49F8-A2A8-FC4C9C41E878}.Release|Any CPU.ActiveCfg = Release|Any CPU
		{CA0B1515-A162-49F8-A2A8-FC4C9C41E878}.Release|Any CPU.Build.0 = Release|Any CPU
	EndGlobalSection
	GlobalSection(SolutionProperties) = preSolution
		HideSolutionNode = FALSE
	EndGlobalSection
	GlobalSection(ExtensibilityGlobals) = postSolution
		SolutionGuid = {C84A7EDF-4207-41F0-A610-15A8C68EF67D}
	EndGlobalSection
EndGlobal
